
Microsoft Visual Studio Solution File, Format Version 12.00
# Visual Studio Version 17
VisualStudioVersion = 17.1.32328.378
MinimumVisualStudioVersion = 10.0.40219.1
Project("{FAE04EC0-301F-11D3-BF4B-00C04F79EFBC}") = "TelephoneDictionary.Web", "TelephoneDictionary.Web\TelephoneDictionary.Web.csproj", "{76AD2B46-4F5D-4B49-8AF7-8566FC149BB0}"
EndProject
Global
	GlobalSection(SolutionConfigurationPlatforms) = preSolution
		Debug|Any CPU = Debug|Any CPU
		Release|Any CPU = Release|Any CPU
	EndGlobalSection
	GlobalSection(ProjectConfigurationPlatforms) = postSolution
		{76AD2B46-4F5D-4B49-8AF7-8566FC149BB0}.Debug|Any CPU.ActiveCfg = Debug|Any CPU
		{76AD2B46-4F5D-4B49-8AF7-8566FC149BB0}.Debug|Any CPU.Build.0 = Debug|Any CPU
		{76AD2B46-4F5D-4B49-8AF7-8566FC149BB0}.Release|Any CPU.ActiveCfg = Release|Any CPU
		{76AD2B46-4F5D-4B49-8AF7-8566FC149BB0}.Release|Any CPU.Build.0 = Release|Any CPU
	EndGlobalSection
	GlobalSection(SolutionProperties) = preSolution
		HideSolutionNode = FALSE
	EndGlobalSection
	GlobalSection(ExtensibilityGlobals) = postSolution
		SolutionGuid = {A4FDB1BE-284A-4FA6-BBC2-A03EFA90127B}
	EndGlobalSection
EndGlobal
